
Microsoft Visual Studio Solution File, Format Version 12.00
# Visual Studio 2012
Project("{FAE04EC0-301F-11D3-BF4B-00C04F79EFBC}") = "PCL-Enlightenment-Win8", "PCL-Enlightenment-Win8\PCL-Enlightenment-Win8.csproj", "{C6982440-657E-485C-A424-58BD1D01E541}"
EndProject
Project("{FAE04EC0-301F-11D3-BF4B-00C04F79EFBC}") = "Common", "Common\Common.csproj", "{E9A7EB76-7DF4-4519-B340-F406562D72A8}"
EndProject
Project("{FAE04EC0-301F-11D3-BF4B-00C04F79EFBC}") = "Common.Platform.Win8", "Common.Platform.Win8\Common.Platform.Win8.csproj", "{AA477346-9612-453F-B20A-5E5DD657E14F}"
EndProject
Project("{FAE04EC0-301F-11D3-BF4B-00C04F79EFBC}") = "Common.Platform.WP8", "Common.Platform.WP8\Common.Platform.WP8.csproj", "{883F29B0-CDA7-44E0-BC5C-F76B8FEA65AA}"
EndProject
Project("{FAE04EC0-301F-11D3-BF4B-00C04F79EFBC}") = "PCL-Enlightenment-WP8", "PCL-Enlightenment-WP8\PCL-Enlightenment-WP8.csproj", "{AAC6624C-F1AA-41BA-AD6B-9E88201E375D}"
EndProject
Project("{FAE04EC0-301F-11D3-BF4B-00C04F79EFBC}") = "Common.Platform.Net45", "Common.Platform.Net45\Common.Platform.Net45.csproj", "{823FFDCB-4021-426F-A670-90D1BC0F8146}"
EndProject
Project("{FAE04EC0-301F-11D3-BF4B-00C04F79EFBC}") = "PCL-Enlightenment-Net45", "PCL-Enlightenment-Net45\PCL-Enlightenment-Net45.csproj", "{E0720E41-141C-4092-B9C3-8BC04A35AA86}"
EndProject
Global
	GlobalSection(SolutionConfigurationPlatforms) = preSolution
		Debug|Any CPU = Debug|Any CPU
		Debug|ARM = Debug|ARM
		Debug|x64 = Debug|x64
		Debug|x86 = Debug|x86
		Release|Any CPU = Release|Any CPU
		Release|ARM = Release|ARM
		Release|x64 = Release|x64
		Release|x86 = Release|x86
	EndGlobalSection
	GlobalSection(ProjectConfigurationPlatforms) = postSolution
		{C6982440-657E-485C-A424-58BD1D01E541}.Debug|Any CPU.ActiveCfg = Debug|Any CPU
		{C6982440-657E-485C-A424-58BD1D01E541}.Debug|Any CPU.Build.0 = Debug|Any CPU
		{C6982440-657E-485C-A424-58BD1D01E541}.Debug|Any CPU.Deploy.0 = Debug|Any CPU
		{C6982440-657E-485C-A424-58BD1D01E541}.Debug|ARM.ActiveCfg = Debug|ARM
		{C6982440-657E-485C-A424-58BD1D01E541}.Debug|ARM.Build.0 = Debug|ARM
		{C6982440-657E-485C-A424-58BD1D01E541}.Debug|ARM.Deploy.0 = Debug|ARM
		{C6982440-657E-485C-A424-58BD1D01E541}.Debug|x64.ActiveCfg = Debug|x64
		{C6982440-657E-485C-A424-58BD1D01E541}.Debug|x64.Build.0 = Debug|x64
		{C6982440-657E-485C-A424-58BD1D01E541}.Debug|x64.Deploy.0 = Debug|x64
		{C6982440-657E-485C-A424-58BD1D01E541}.Debug|x86.ActiveCfg = Debug|x86
		{C6982440-657E-485C-A424-58BD1D01E541}.Debug|x86.Build.0 = Debug|x86
		{C6982440-657E-485C-A424-58BD1D01E541}.Debug|x86.Deploy.0 = Debug|x86
		{C6982440-657E-485C-A424-58BD1D01E541}.Release|Any CPU.ActiveCfg = Release|Any CPU
		{C6982440-657E-485C-A424-58BD1D01E541}.Release|Any CPU.Build.0 = Release|Any CPU
		{C6982440-657E-485C-A424-58BD1D01E541}.Release|Any CPU.Deploy.0 = Release|Any CPU
		{C6982440-657E-485C-A424-58BD1D01E541}.Release|ARM.ActiveCfg = Release|ARM
		{C6982440-657E-485C-A424-58BD1D01E541}.Release|ARM.Build.0 = Release|ARM
		{C6982440-657E-485C-A424-58BD1D01E541}.Release|ARM.Deploy.0 = Release|ARM
		{C6982440-657E-485C-A424-58BD1D01E541}.Release|x64.ActiveCfg = Release|x64
		{C6982440-657E-485C-A424-58BD1D01E541}.Release|x64.Build.0 = Release|x64
		{C6982440-657E-485C-A424-58BD1D01E541}.Release|x64.Deploy.0 = Release|x64
		{C6982440-657E-485C-A424-58BD1D01E541}.Release|x86.ActiveCfg = Release|x86
		{C6982440-657E-485C-A424-58BD1D01E541}.Release|x86.Build.0 = Release|x86
		{C6982440-657E-485C-A424-58BD1D01E541}.Release|x86.Deploy.0 = Release|x86
		{E9A7EB76-7DF4-4519-B340-F406562D72A8}.Debug|Any CPU.ActiveCfg = Debug|Any CPU
		{E9A7EB76-7DF4-4519-B340-F406562D72A8}.Debug|Any CPU.Build.0 = Debug|Any CPU
		{E9A7EB76-7DF4-4519-B340-F406562D72A8}.Debug|ARM.ActiveCfg = Debug|Any CPU
		{E9A7EB76-7DF4-4519-B340-F406562D72A8}.Debug|x64.ActiveCfg = Debug|Any CPU
		{E9A7EB76-7DF4-4519-B340-F406562D72A8}.Debug|x86.ActiveCfg = Debug|Any CPU
		{E9A7EB76-7DF4-4519-B340-F406562D72A8}.Release|Any CPU.ActiveCfg = Release|Any CPU
		{E9A7EB76-7DF4-4519-B340-F406562D72A8}.Release|Any CPU.Build.0 = Release|Any CPU
		{E9A7EB76-7DF4-4519-B340-F406562D72A8}.Release|ARM.ActiveCfg = Release|Any CPU
		{E9A7EB76-7DF4-4519-B340-F406562D72A8}.Release|x64.ActiveCfg = Release|Any CPU
		{E9A7EB76-7DF4-4519-B340-F406562D72A8}.Release|x86.ActiveCfg = Release|Any CPU
		{AA477346-9612-453F-B20A-5E5DD657E14F}.Debug|Any CPU.ActiveCfg = Debug|Any CPU
		{AA477346-9612-453F-B20A-5E5DD657E14F}.Debug|Any CPU.Build.0 = Debug|Any CPU
		{AA477346-9612-453F-B20A-5E5DD657E14F}.Debug|ARM.ActiveCfg = Debug|ARM
		{AA477346-9612-453F-B20A-5E5DD657E14F}.Debug|ARM.Build.0 = Debug|ARM
		{AA477346-9612-453F-B20A-5E5DD657E14F}.Debug|x64.ActiveCfg = Debug|x64
		{AA477346-9612-453F-B20A-5E5DD657E14F}.Debug|x64.Build.0 = Debug|x64
		{AA477346-9612-453F-B20A-5E5DD657E14F}.Debug|x86.ActiveCfg = Debug|x86
		{AA477346-9612-453F-B20A-5E5DD657E14F}.Debug|x86.Build.0 = Debug|x86
		{AA477346-9612-453F-B20A-5E5DD657E14F}.Release|Any CPU.ActiveCfg = Release|Any CPU
		{AA477346-9612-453F-B20A-5E5DD657E14F}.Release|Any CPU.Build.0 = Release|Any CPU
		{AA477346-9612-453F-B20A-5E5DD657E14F}.Release|ARM.ActiveCfg = Release|ARM
		{AA477346-9612-453F-B20A-5E5DD657E14F}.Release|ARM.Build.0 = Release|ARM
		{AA477346-9612-453F-B20A-5E5DD657E14F}.Release|x64.ActiveCfg = Release|x64
		{AA477346-9612-453F-B20A-5E5DD657E14F}.Release|x64.Build.0 = Release|x64
		{AA477346-9612-453F-B20A-5E5DD657E14F}.Release|x86.ActiveCfg = Release|x86
		{AA477346-9612-453F-B20A-5E5DD657E14F}.Release|x86.Build.0 = Release|x86
		{883F29B0-CDA7-44E0-BC5C-F76B8FEA65AA}.Debug|Any CPU.ActiveCfg = Debug|Any CPU
		{883F29B0-CDA7-44E0-BC5C-F76B8FEA65AA}.Debug|Any CPU.Build.0 = Debug|Any CPU
		{883F29B0-CDA7-44E0-BC5C-F76B8FEA65AA}.Debug|ARM.ActiveCfg = Debug|ARM
		{883F29B0-CDA7-44E0-BC5C-F76B8FEA65AA}.Debug|ARM.Build.0 = Debug|ARM
		{883F29B0-CDA7-44E0-BC5C-F76B8FEA65AA}.Debug|x64.ActiveCfg = Debug|Any CPU
		{883F29B0-CDA7-44E0-BC5C-F76B8FEA65AA}.Debug|x86.ActiveCfg = Debug|x86
		{883F29B0-CDA7-44E0-BC5C-F76B8FEA65AA}.Debug|x86.Build.0 = Debug|x86
		{883F29B0-CDA7-44E0-BC5C-F76B8FEA65AA}.Release|Any CPU.ActiveCfg = Release|Any CPU
		{883F29B0-CDA7-44E0-BC5C-F76B8FEA65AA}.Release|Any CPU.Build.0 = Release|Any CPU
		{883F29B0-CDA7-44E0-BC5C-F76B8FEA65AA}.Release|ARM.ActiveCfg = Release|ARM
		{883F29B0-CDA7-44E0-BC5C-F76B8FEA65AA}.Release|ARM.Build.0 = Release|ARM
		{883F29B0-CDA7-44E0-BC5C-F76B8FEA65AA}.Release|x64.ActiveCfg = Release|Any CPU
		{883F29B0-CDA7-44E0-BC5C-F76B8FEA65AA}.Release|x86.ActiveCfg = Release|x86
		{883F29B0-CDA7-44E0-BC5C-F76B8FEA65AA}.Release|x86.Build.0 = Release|x86
		{AAC6624C-F1AA-41BA-AD6B-9E88201E375D}.Debug|Any CPU.ActiveCfg = Debug|Any CPU
		{AAC6624C-F1AA-41BA-AD6B-9E88201E375D}.Debug|Any CPU.Build.0 = Debug|Any CPU
		{AAC6624C-F1AA-41BA-AD6B-9E88201E375D}.Debug|Any CPU.Deploy.0 = Debug|Any CPU
		{AAC6624C-F1AA-41BA-AD6B-9E88201E375D}.Debug|ARM.ActiveCfg = Debug|ARM
		{AAC6624C-F1AA-41BA-AD6B-9E88201E375D}.Debug|ARM.Build.0 = Debug|ARM
		{AAC6624C-F1AA-41BA-AD6B-9E88201E375D}.Debug|ARM.Deploy.0 = Debug|ARM
		{AAC6624C-F1AA-41BA-AD6B-9E88201E375D}.Debug|x64.ActiveCfg = Debug|Any CPU
		{AAC6624C-F1AA-41BA-AD6B-9E88201E375D}.Debug|x86.ActiveCfg = Debug|x86
		{AAC6624C-F1AA-41BA-AD6B-9E88201E375D}.Debug|x86.Build.0 = Debug|x86
		{AAC6624C-F1AA-41BA-AD6B-9E88201E375D}.Debug|x86.Deploy.0 = Debug|x86
		{AAC6624C-F1AA-41BA-AD6B-9E88201E375D}.Release|Any CPU.ActiveCfg = Release|Any CPU
		{AAC6624C-F1AA-41BA-AD6B-9E88201E375D}.Release|Any CPU.Build.0 = Release|Any CPU
		{AAC6624C-F1AA-41BA-AD6B-9E88201E375D}.Release|Any CPU.Deploy.0 = Release|Any CPU
		{AAC6624C-F1AA-41BA-AD6B-9E88201E375D}.Release|ARM.ActiveCfg = Release|ARM
		{AAC6624C-F1AA-41BA-AD6B-9E88201E375D}.Release|ARM.Build.0 = Release|ARM
		{AAC6624C-F1AA-41BA-AD6B-9E88201E375D}.Release|ARM.Deploy.0 = Release|ARM
		{AAC6624C-F1AA-41BA-AD6B-9E88201E375D}.Release|x64.ActiveCfg = Release|Any CPU
		{AAC6624C-F1AA-41BA-AD6B-9E88201E375D}.Release|x86.ActiveCfg = Release|x86
		{AAC6624C-F1AA-41BA-AD6B-9E88201E375D}.Release|x86.Build.0 = Release|x86
		{AAC6624C-F1AA-41BA-AD6B-9E88201E375D}.Release|x86.Deploy.0 = Release|x86
		{823FFDCB-4021-426F-A670-90D1BC0F8146}.Debug|Any CPU.ActiveCfg = Debug|Any CPU
		{823FFDCB-4021-426F-A670-90D1BC0F8146}.Debug|Any CPU.Build.0 = Debug|Any CPU
		{823FFDCB-4021-426F-A670-90D1BC0F8146}.Debug|ARM.ActiveCfg = Debug|Any CPU
		{823FFDCB-4021-426F-A670-90D1BC0F8146}.Debug|x64.ActiveCfg = Debug|Any CPU
		{823FFDCB-4021-426F-A670-90D1BC0F8146}.Debug|x86.ActiveCfg = Debug|Any CPU
		{823FFDCB-4021-426F-A670-90D1BC0F8146}.Release|Any CPU.ActiveCfg = Release|Any CPU
		{823FFDCB-4021-426F-A670-90D1BC0F8146}.Release|Any CPU.Build.0 = Release|Any CPU
		{823FFDCB-4021-426F-A670-90D1BC0F8146}.Release|ARM.ActiveCfg = Release|Any CPU
		{823FFDCB-4021-426F-A670-90D1BC0F8146}.Release|x64.ActiveCfg = Release|Any CPU
		{823FFDCB-4021-426F-A670-90D1BC0F8146}.Release|x86.ActiveCfg = Release|Any CPU
		{E0720E41-141C-4092-B9C3-8BC04A35AA86}.Debug|Any CPU.ActiveCfg = Debug|Any CPU
		{E0720E41-141C-4092-B9C3-8BC04A35AA86}.Debug|Any CPU.Build.0 = Debug|Any CPU
		{E0720E41-141C-4092-B9C3-8BC04A35AA86}.Debug|ARM.ActiveCfg = Debug|Any CPU
		{E0720E41-141C-4092-B9C3-8BC04A35AA86}.Debug|x64.ActiveCfg = Debug|Any CPU
		{E0720E41-141C-4092-B9C3-8BC04A35AA86}.Debug|x86.ActiveCfg = Debug|Any CPU
		{E0720E41-141C-4092-B9C3-8BC04A35AA86}.Release|Any CPU.ActiveCfg = Release|Any CPU
		{E0720E41-141C-4092-B9C3-8BC04A35AA86}.Release|Any CPU.Build.0 = Release|Any CPU
		{E0720E41-141C-4092-B9C3-8BC04A35AA86}.Release|ARM.ActiveCfg = Release|Any CPU
		{E0720E41-141C-4092-B9C3-8BC04A35AA86}.Release|x64.ActiveCfg = Release|Any CPU
		{E0720E41-141C-4092-B9C3-8BC04A35AA86}.Release|x86.ActiveCfg = Release|Any CPU
	EndGlobalSection
	GlobalSection(SolutionProperties) = preSolution
		HideSolutionNode = FALSE
	EndGlobalSection
EndGlobal
